# This file is automatically @generated by Cargo.
# It is not intended for manual editing.
version = 4

[[package]]
name = "bitflags"
version = "2.11.1"
source = "registry+https://github.com/rust-lang/crates.io-index"
checksum = "c4512299f36f043ab09a583e57bceb5a5aab7a73db1805848e8fef3c9e8c78b3"

[[package]]
name = "hal"
version = "0.1.0"
dependencies = [
 "bitflags",
]

[[package]]
name = "klog"
version = "0.1.0"

[[package]]
name = "spec-lint"
version = "0.1.0"

[[package]]
name = "xtask"
version = "0.1.0"
