{
  "name": "kernel",
  "lockfileVersion": 3,
  "requires": true,
  "packages": {
    "": {
      "dependencies": {
        "codex-monorepo": "github:openai/codex"
      }
    },
    "node_modules/codex-monorepo": {
      "resolved": "git+ssh://git@github.com/openai/codex.git#ccf4191582523186df449725eed9492e368e945f",
      "engines": {
        "node": ">=22",
        "pnpm": ">=10.33.0"
      }
    }
  }
}
