# This file is automatically @generated by Cargo.
# It is not intended for manual editing.
version = 4

[[package]]
name = "ata_identity_probe"
version = "0.1.0"
dependencies = [
 "libc",
 "support",
]

[[package]]
name = "ata_sat_probe"
version = "0.1.0"
dependencies = [
 "libc",
 "support",
]

[[package]]
name = "bitflags"
version = "2.13.1"
source = "registry+https://github.com/rust-lang/crates.io-index"
checksum = "b588b76d00fde79687d7646a9b5bdf3cc0f655e0bbd080335a95d7e96f3587da"

[[package]]
name = "drm_probe"
version = "0.1.0"
dependencies = [
 "libc",
 "support",
]

[[package]]
name = "hal"
version = "0.1.0"
dependencies = [
 "bitflags",
 "klog",
]

[[package]]
name = "io_uring_ext4"
version = "0.1.0"
dependencies = [
 "libc",
 "support",
]

[[package]]
name = "klog"
version = "0.1.0"

[[package]]
name = "ldt_probe"
version = "0.1.0"
dependencies = [
 "libc",
 "support",
]

[[package]]
name = "libc"
version = "0.2.189"
source = "registry+https://github.com/rust-lang/crates.io-index"
checksum = "3eaf3ede3fee6db1a4c2ee091bf8a8b4dccdc6d17f656fb07896ee72867612f2"

[[package]]
name = "pe"
version = "0.1.0"

[[package]]
name = "request_key_probe"
version = "0.1.0"
dependencies = [
 "libc",
 "support",
]

[[package]]
name = "sockopt_diff"
version = "0.1.0"
dependencies = [
 "libc",
 "support",
]

[[package]]
name = "support"
version = "0.1.0"
dependencies = [
 "libc",
]

[[package]]
name = "swapfile_probe"
version = "0.1.0"
dependencies = [
 "libc",
 "support",
]

[[package]]
name = "syscall"
version = "0.1.0"
dependencies = [
 "hal",
 "klog",
]

[[package]]
name = "usb_scsi_probe"
version = "0.1.0"
dependencies = [
 "libc",
 "support",
]

[[package]]
name = "v4l2_capture_probe"
version = "0.1.0"
dependencies = [
 "libc",
 "support",
]

[[package]]
name = "windows-registry"
version = "0.1.0"

[[package]]
name = "windows-runtime"
version = "0.1.0"
dependencies = [
 "libc",
 "pe",
 "syscall",
]
