# This file is automatically @generated by Cargo.
# It is not intended for manual editing.
version = 4

[[package]]
name = "adiantum"
version = "0.1.0"
dependencies = [
 "aes",
]

[[package]]
name = "aes"
version = "0.1.0"
dependencies = [
 "blockcipher",
]

[[package]]
name = "allocator-api2"
version = "0.2.21"
source = "registry+https://github.com/rust-lang/crates.io-index"
checksum = "683d7910e743518b0e34f1186f92494becacb047c7b6bf616c96772180fef923"

[[package]]
name = "aslr"
version = "0.1.0"
dependencies = [
 "crng",
 "hal",
]

[[package]]
name = "ata_identity_probe"
version = "0.1.0"
dependencies = [
 "libc",
 "support",
]

[[package]]
name = "ata_sat_probe"
version = "0.1.0"
dependencies = [
 "libc",
 "support",
]

[[package]]
name = "audit"
version = "0.1.0"
dependencies = [
 "hal",
 "sync",
 "syscall",
 "timekeeper",
]

[[package]]
name = "bitflags"
version = "2.13.1"
source = "registry+https://github.com/rust-lang/crates.io-index"
checksum = "b588b76d00fde79687d7646a9b5bdf3cc0f655e0bbd080335a95d7e96f3587da"

[[package]]
name = "block"
version = "0.1.0"
dependencies = [
 "adiantum",
 "aes",
 "bitflags",
 "cgroup",
 "crc",
 "crypt",
 "drv",
 "hal",
 "klog",
 "sched",
 "sm4",
 "softirq",
 "sync",
 "timekeeper",
 "vfs",
]

[[package]]
name = "blockcipher"
version = "0.1.0"

[[package]]
name = "boot-info"
version = "0.1.0"

[[package]]
name = "cgroup"
version = "0.1.0"
dependencies = [
 "cpu",
 "hal",
 "klog",
 "sync",
 "syscall",
 "vfs",
]

[[package]]
name = "cmdline"
version = "0.1.0"

[[package]]
name = "core_maths"
version = "0.1.1"
source = "registry+https://github.com/rust-lang/crates.io-index"
checksum = "77745e017f5edba1a9c1d854f6f3a52dac8a12dd5af5d2f54aecf61e43d80d30"
dependencies = [
 "libm",
]

[[package]]
name = "cpu"
version = "0.1.0"
dependencies = [
 "hal",
 "klog",
 "sync",
]

[[package]]
name = "cpufreq"
version = "0.1.0"
dependencies = [
 "cpu",
 "kstrtox",
 "sync",
 "timekeeper",
 "vfs",
]

[[package]]
name = "cpuidle"
version = "0.1.0"
dependencies = [
 "cpu",
 "hal-aarch64",
 "hal-x86_64",
 "kstrtox",
 "sync",
 "timekeeper",
 "timer",
 "vfs",
]

[[package]]
name = "crc"
version = "0.1.0"

[[package]]
name = "crng"
version = "0.1.0"
dependencies = [
 "sync",
]

[[package]]
name = "crypt"
version = "0.1.0"

[[package]]
name = "drm_probe"
version = "0.1.0"
dependencies = [
 "libc",
 "support",
]

[[package]]
name = "drv"
version = "0.1.0"
dependencies = [
 "hal",
 "klog",
 "sched",
 "sync",
 "vfs",
]

[[package]]
name = "elf"
version = "0.1.0"
dependencies = [
 "bitflags",
 "hal",
 "klog",
]

[[package]]
name = "elf-load"
version = "0.1.0"
dependencies = [
 "aslr",
 "elf",
 "ext4",
 "hal",
 "klog",
 "pe",
 "sync",
 "syscall",
 "uaccess",
 "vfs",
 "vmm",
]

[[package]]
name = "equivalent"
version = "1.0.2"
source = "registry+https://github.com/rust-lang/crates.io-index"
checksum = "877a4ace8713b0bcf2a4e7eec82529c029f1d0619886d18145fea96c3ffe5c0f"

[[package]]
name = "ext4"
version = "0.1.0"
dependencies = [
 "block",
 "cgroup",
 "crc",
 "hal",
 "hal-aarch64",
 "hal-x86_64",
 "klog",
 "pmm",
 "sched",
 "sync",
 "timekeeper",
 "timer",
 "vfs",
]

[[package]]
name = "foldhash"
version = "0.1.5"
source = "registry+https://github.com/rust-lang/crates.io-index"
checksum = "d9c4f5dac5e15c24eb999c26181a6ca40b39fe946cbe4c263c7209467bc83af2"

[[package]]
name = "fontdue"
version = "0.9.4"
source = "registry+https://github.com/rust-lang/crates.io-index"
checksum = "7894823fa221401399e2598f8b63f81ac77ff5c63248b7656779bff1632d7d3d"
dependencies = [
 "hashbrown",
 "ttf-parser",
]

[[package]]
name = "hal"
version = "0.1.0"
dependencies = [
 "bitflags",
 "klog",
]

[[package]]
name = "hal-aarch64"
version = "0.1.0"
dependencies = [
 "bitflags",
 "cpu",
 "hal",
 "kalloc",
 "klog",
 "pci",
 "sync",
 "syscall",
]

[[package]]
name = "hal-x86_64"
version = "0.1.0"
dependencies = [
 "bitflags",
 "hal",
 "kalloc",
 "klog",
 "pci",
 "sync",
 "syscall",
]

[[package]]
name = "hashbrown"
version = "0.15.5"
source = "registry+https://github.com/rust-lang/crates.io-index"
checksum = "9229cfe53dfd69f0609a49f65461bd93001ea1ef889cd5529dd176593f5338a1"
dependencies = [
 "allocator-api2",
 "equivalent",
 "foldhash",
]

[[package]]
name = "io_uring_ext4"
version = "0.1.0"
dependencies = [
 "libc",
 "support",
]

[[package]]
name = "kalloc"
version = "0.1.0"
dependencies = [
 "sync",
]

[[package]]
name = "klog"
version = "0.1.0"

[[package]]
name = "kstrtox"
version = "0.1.0"

[[package]]
name = "landlock"
version = "0.1.0"
dependencies = [
 "audit",
 "sync",
 "syscall",
 "vfs",
]

[[package]]
name = "ldt_probe"
version = "0.1.0"
dependencies = [
 "libc",
 "support",
]

[[package]]
name = "libc"
version = "0.2.189"
source = "registry+https://github.com/rust-lang/crates.io-index"
checksum = "3eaf3ede3fee6db1a4c2ee091bf8a8b4dccdc6d17f656fb07896ee72867612f2"

[[package]]
name = "libm"
version = "0.2.16"
source = "registry+https://github.com/rust-lang/crates.io-index"
checksum = "b6d2cec3eae94f9f509c767b45932f1ada8350c4bdb85af2fcab4a3c14807981"

[[package]]
name = "movable"
version = "0.1.0"

[[package]]
name = "mpi"
version = "0.1.0"

[[package]]
name = "namespace-identity"
version = "0.1.0"
dependencies = [
 "sync",
]

[[package]]
name = "network-namespace"
version = "0.1.0"
dependencies = [
 "namespace-identity",
 "sync",
]

[[package]]
name = "p256"
version = "0.1.0"

[[package]]
name = "pci"
version = "0.1.0"
dependencies = [
 "hal",
 "klog",
]

[[package]]
name = "pe"
version = "0.1.0"

[[package]]
name = "pkey"
version = "0.1.0"
dependencies = [
 "crypt",
 "mpi",
 "p256",
]

[[package]]
name = "pmm"
version = "0.1.0"
dependencies = [
 "bitflags",
 "block",
 "boot-info",
 "cgroup",
 "cmdline",
 "cpu",
 "hal",
 "hal-aarch64",
 "hal-x86_64",
 "klog",
 "movable",
 "sched",
 "sync",
 "syscall",
 "uaccess",
 "vmm",
]

[[package]]
name = "request_key_probe"
version = "0.1.0"
dependencies = [
 "libc",
 "support",
]

[[package]]
name = "sched"
version = "0.1.0"
dependencies = [
 "cgroup",
 "cpu",
 "cpufreq",
 "cpuidle",
 "hal",
 "hal-aarch64",
 "hal-x86_64",
 "klog",
 "landlock",
 "namespace-identity",
 "network-namespace",
 "pe",
 "selinux",
 "selinux-runtime",
 "softirq",
 "sync",
 "syscall",
 "time-namespace",
 "timekeeper",
 "timer",
 "uaccess",
 "ucounts",
 "user-namespace",
 "vfs",
 "vmm",
]

[[package]]
name = "selinux"
version = "0.1.0"

[[package]]
name = "selinux-runtime"
version = "0.1.0"
dependencies = [
 "audit",
 "cmdline",
 "klog",
 "selinux",
 "sync",
]

[[package]]
name = "sm4"
version = "0.1.0"
dependencies = [
 "blockcipher",
]

[[package]]
name = "sockopt_diff"
version = "0.1.0"
dependencies = [
 "libc",
 "support",
]

[[package]]
name = "softirq"
version = "0.1.0"
dependencies = [
 "cpu",
 "hal",
 "hal-aarch64",
 "hal-x86_64",
]

[[package]]
name = "support"
version = "0.1.0"
dependencies = [
 "libc",
]

[[package]]
name = "swapfile_probe"
version = "0.1.0"
dependencies = [
 "libc",
 "support",
]

[[package]]
name = "sync"
version = "0.1.0"
dependencies = [
 "hal",
]

[[package]]
name = "syscall"
version = "0.1.0"
dependencies = [
 "hal",
 "klog",
 "pe",
]

[[package]]
name = "time-namespace"
version = "0.1.0"
dependencies = [
 "namespace-identity",
 "sync",
]

[[package]]
name = "timekeeper"
version = "0.1.0"
dependencies = [
 "hal",
 "hal-aarch64",
 "hal-x86_64",
 "sync",
]

[[package]]
name = "timer"
version = "0.1.0"
dependencies = [
 "sync",
]

[[package]]
name = "ttf-parser"
version = "0.25.1"
source = "registry+https://github.com/rust-lang/crates.io-index"
checksum = "d2df906b07856748fa3f6e0ad0cbaa047052d4a7dd609e231c4f72cee8c36f31"
dependencies = [
 "core_maths",
]

[[package]]
name = "uaccess"
version = "0.1.0"
dependencies = [
 "hal",
 "hal-aarch64",
 "hal-x86_64",
 "syscall",
]

[[package]]
name = "ucounts"
version = "0.1.0"
dependencies = [
 "namespace-identity",
 "sync",
]

[[package]]
name = "usb_scsi_probe"
version = "0.1.0"
dependencies = [
 "libc",
 "support",
]

[[package]]
name = "user-namespace"
version = "0.1.0"
dependencies = [
 "namespace-identity",
 "sync",
]

[[package]]
name = "utf8"
version = "0.1.0"

[[package]]
name = "v4l2_capture_probe"
version = "0.1.0"
dependencies = [
 "libc",
 "support",
]

[[package]]
name = "vfs"
version = "0.1.0"
dependencies = [
 "bitflags",
 "hal",
 "hal-aarch64",
 "hal-x86_64",
 "klog",
 "namespace-identity",
 "pkey",
 "sync",
 "syscall",
 "user-namespace",
 "utf8",
 "vmm",
]

[[package]]
name = "vmm"
version = "0.1.0"
dependencies = [
 "bitflags",
 "cpu",
 "hal",
 "hal-aarch64",
 "hal-x86_64",
 "klog",
 "sync",
 "uaccess",
]

[[package]]
name = "vulkan_probe"
version = "0.1.0"
dependencies = [
 "libc",
]

[[package]]
name = "windows-audio"
version = "0.1.0"

[[package]]
name = "windows-contracts"
version = "0.1.0"
dependencies = [
 "elf-load",
 "pe",
 "sched",
 "syscall",
 "vmm",
 "windows-path",
 "windows-registry",
 "windows-runtime",
 "windows-user32",
]

[[package]]
name = "windows-gdi"
version = "0.1.0"
dependencies = [
 "fontdue",
 "libc",
 "syscall",
]

[[package]]
name = "windows-path"
version = "0.1.0"
dependencies = [
 "utf8",
]

[[package]]
name = "windows-registry"
version = "0.1.0"
dependencies = [
 "libc",
 "syscall",
]

[[package]]
name = "windows-runtime"
version = "0.1.0"
dependencies = [
 "libc",
 "pe",
 "syscall",
]

[[package]]
name = "windows-user32"
version = "0.1.0"
dependencies = [
 "libc",
 "support",
 "syscall",
 "windows-gdi",
]

[[package]]
name = "windows-vulkan"
version = "0.1.0"
dependencies = [
 "libc",
 "syscall",
]

[[package]]
name = "windows-winsock"
version = "0.1.0"

[[package]]
name = "windows-xinput"
version = "0.1.0"
